Microsoft Visual Studio Solution File, Format Version 12.00
# Visual Studio Version 17
VisualStudioVersion = 17.5.2.0
MinimumVisualStudioVersion = 10.0.40219.1
Project("{FAE04EC0-301F-11D3-BF4B-00C04F79EFBC}") = "APIProdutos", "APIProdutos.csproj", "{38CBF091-277A-68F3-E510-D125A0F935F1}"
EndProject
Global
	GlobalSection(SolutionConfigurationPlatforms) = preSolution
		Debug|Any CPU = Debug|Any CPU
		Release|Any CPU = Release|Any CPU
	EndGlobalSection
	GlobalSection(ProjectConfigurationPlatforms) = postSolution
		{38CBF091-277A-68F3-E510-D125A0F935F1}.Debug|Any CPU.ActiveCfg = Debug|Any CPU
		{38CBF091-277A-68F3-E510-D125A0F935F1}.Debug|Any CPU.Build.0 = Debug|Any CPU
		{38CBF091-277A-68F3-E510-D125A0F935F1}.Release|Any CPU.ActiveCfg = Release|Any CPU
		{38CBF091-277A-68F3-E510-D125A0F935F1}.Release|Any CPU.Build.0 = Release|Any CPU
	EndGlobalSection
	GlobalSection(SolutionProperties) = preSolution
		HideSolutionNode = FALSE
	EndGlobalSection
	GlobalSection(ExtensibilityGlobals) = postSolution
		SolutionGuid = {732AF128-8370-4EC3-9149-DE45EEA30B92}
	EndGlobalSection
EndGlobal
